
Microsoft Visual Studio Solution File, Format Version 12.00
Project("{2150E333-8FDC-42A3-9474-1A3956D46DE8}") = "repo", "repo", "{B4D872E2-6305-46B0-B422-6D72A59D9259}"
	ProjectSection(SolutionItems) = preProject
		.gitignore = .gitignore
		README.md = README.md
		directory.build.props = directory.build.props
		LICENSE = LICENSE
	EndProjectSection
EndProject
Project("{2150E333-8FDC-42A3-9474-1A3956D46DE8}") = "tests", "tests", "{DD1B47C6-7FB7-4E8F-BDF7-28898571F2FA}"
EndProject
Project("{2150E333-8FDC-42A3-9474-1A3956D46DE8}") = "src", "src", "{1FF76F53-4E44-42B5-9CD1-B02AFD53304F}"
EndProject
Project("{2150E333-8FDC-42A3-9474-1A3956D46DE8}") = "text", "text", "{E82F0B10-F8FB-4CEC-8D61-801AC4AB1110}"
EndProject
Project("{FAE04EC0-301F-11D3-BF4B-00C04F79EFBC}") = "Synaptix.Text.Case", "src\text\Synaptix.Text.Case\Synaptix.Text.Case.csproj", "{687886DB-F2EE-40E0-AEA4-D4FBFC5CFA2E}"
EndProject
Project("{2150E333-8FDC-42A3-9474-1A3956D46DE8}") = "text", "text", "{E23F2D57-933C-4C9D-BA28-C8DC17A8CD71}"
EndProject
Project("{FAE04EC0-301F-11D3-BF4B-00C04F79EFBC}") = "Synaptix.Text.Case.Unit", "tests\text\Synaptix.Text.Case.Unit\Synaptix.Text.Case.Unit.csproj", "{3D54D6F5-A2EE-4B07-8DAB-D542D7A9D606}"
EndProject
Project("{2150E333-8FDC-42A3-9474-1A3956D46DE8}") = "domain", "domain", "{798A723B-9A9F-4E7A-9ECF-4F8AA5E1FA26}"
EndProject
Project("{FAE04EC0-301F-11D3-BF4B-00C04F79EFBC}") = "Synaptix.Color", "src\domain\Synaptix.Color\Synaptix.Color.csproj", "{7A0C3A06-3428-41FD-A450-F07750AC58D9}"
EndProject
Project("{2150E333-8FDC-42A3-9474-1A3956D46DE8}") = "system", "system", "{610736F9-1F65-4FFE-9A77-5570B297FB70}"
EndProject
Project("{FAE04EC0-301F-11D3-BF4B-00C04F79EFBC}") = "Synaptix.System.Reflection", "src\system\Synaptix.System.Reflection\Synaptix.System.Reflection.csproj", "{49997988-9026-4A0A-977D-AA81DFD3DD13}"
EndProject
Project("{2150E333-8FDC-42A3-9474-1A3956D46DE8}") = "extensions", "extensions", "{7016DFEF-A251-4955-8AE6-B19FD89E44D2}"
EndProject
Project("{FAE04EC0-301F-11D3-BF4B-00C04F79EFBC}") = "Synaptix.Microsoft.Extensions", "src\extensions\Synaptix.Microsoft.Extensions\Synaptix.Microsoft.Extensions.csproj", "{CE6D05D4-B92C-4294-B015-891465375004}"
EndProject
Global
	GlobalSection(SolutionConfigurationPlatforms) = preSolution
		Debug|Any CPU = Debug|Any CPU
		Release|Any CPU = Release|Any CPU
	EndGlobalSection
	GlobalSection(NestedProjects) = preSolution
		{E82F0B10-F8FB-4CEC-8D61-801AC4AB1110} = {1FF76F53-4E44-42B5-9CD1-B02AFD53304F}
		{687886DB-F2EE-40E0-AEA4-D4FBFC5CFA2E} = {E82F0B10-F8FB-4CEC-8D61-801AC4AB1110}
		{E23F2D57-933C-4C9D-BA28-C8DC17A8CD71} = {DD1B47C6-7FB7-4E8F-BDF7-28898571F2FA}
		{3D54D6F5-A2EE-4B07-8DAB-D542D7A9D606} = {E23F2D57-933C-4C9D-BA28-C8DC17A8CD71}
		{798A723B-9A9F-4E7A-9ECF-4F8AA5E1FA26} = {1FF76F53-4E44-42B5-9CD1-B02AFD53304F}
		{7A0C3A06-3428-41FD-A450-F07750AC58D9} = {798A723B-9A9F-4E7A-9ECF-4F8AA5E1FA26}
		{610736F9-1F65-4FFE-9A77-5570B297FB70} = {1FF76F53-4E44-42B5-9CD1-B02AFD53304F}
		{49997988-9026-4A0A-977D-AA81DFD3DD13} = {610736F9-1F65-4FFE-9A77-5570B297FB70}
		{7016DFEF-A251-4955-8AE6-B19FD89E44D2} = {1FF76F53-4E44-42B5-9CD1-B02AFD53304F}
		{CE6D05D4-B92C-4294-B015-891465375004} = {7016DFEF-A251-4955-8AE6-B19FD89E44D2}
	EndGlobalSection
	GlobalSection(ProjectConfigurationPlatforms) = postSolution
		{687886DB-F2EE-40E0-AEA4-D4FBFC5CFA2E}.Debug|Any CPU.ActiveCfg = Debug|Any CPU
		{687886DB-F2EE-40E0-AEA4-D4FBFC5CFA2E}.Debug|Any CPU.Build.0 = Debug|Any CPU
		{687886DB-F2EE-40E0-AEA4-D4FBFC5CFA2E}.Release|Any CPU.ActiveCfg = Release|Any CPU
		{687886DB-F2EE-40E0-AEA4-D4FBFC5CFA2E}.Release|Any CPU.Build.0 = Release|Any CPU
		{3D54D6F5-A2EE-4B07-8DAB-D542D7A9D606}.Debug|Any CPU.ActiveCfg = Debug|Any CPU
		{3D54D6F5-A2EE-4B07-8DAB-D542D7A9D606}.Debug|Any CPU.Build.0 = Debug|Any CPU
		{3D54D6F5-A2EE-4B07-8DAB-D542D7A9D606}.Release|Any CPU.ActiveCfg = Release|Any CPU
		{3D54D6F5-A2EE-4B07-8DAB-D542D7A9D606}.Release|Any CPU.Build.0 = Release|Any CPU
		{7A0C3A06-3428-41FD-A450-F07750AC58D9}.Debug|Any CPU.ActiveCfg = Debug|Any CPU
		{7A0C3A06-3428-41FD-A450-F07750AC58D9}.Debug|Any CPU.Build.0 = Debug|Any CPU
		{7A0C3A06-3428-41FD-A450-F07750AC58D9}.Release|Any CPU.ActiveCfg = Release|Any CPU
		{7A0C3A06-3428-41FD-A450-F07750AC58D9}.Release|Any CPU.Build.0 = Release|Any CPU
		{49997988-9026-4A0A-977D-AA81DFD3DD13}.Debug|Any CPU.ActiveCfg = Debug|Any CPU
		{49997988-9026-4A0A-977D-AA81DFD3DD13}.Debug|Any CPU.Build.0 = Debug|Any CPU
		{49997988-9026-4A0A-977D-AA81DFD3DD13}.Release|Any CPU.ActiveCfg = Release|Any CPU
		{49997988-9026-4A0A-977D-AA81DFD3DD13}.Release|Any CPU.Build.0 = Release|Any CPU
		{CE6D05D4-B92C-4294-B015-891465375004}.Debug|Any CPU.ActiveCfg = Debug|Any CPU
		{CE6D05D4-B92C-4294-B015-891465375004}.Debug|Any CPU.Build.0 = Debug|Any CPU
		{CE6D05D4-B92C-4294-B015-891465375004}.Release|Any CPU.ActiveCfg = Release|Any CPU
		{CE6D05D4-B92C-4294-B015-891465375004}.Release|Any CPU.Build.0 = Release|Any CPU
	EndGlobalSection
EndGlobal
